// !$*UTF8*$!
{
	archiveVersion = 1;
	classes = {
	};
	objectVersion = 50;
	objects = {

/* Begin PBXBuildFile section */
		99B0867026A767FE002503F3 /* AppDelegate.swift in Sources */ = {isa = PBXBuildFile; fileRef = 99B0866F26A767FE002503F3 /* AppDelegate.swift */; };
		99B0867226A767FE002503F3 /* SceneDelegate.swift in Sources */ = {isa = PBXBuildFile; fileRef = 99B0867126A767FE002503F3 /* SceneDelegate.swift */; };
		99B0867426A767FE002503F3 /* ViewController.swift in Sources */ = {isa = PBXBuildFile; fileRef = 99B0867326A767FE002503F3 /* ViewController.swift */; };
		99B0867726A767FE002503F3 /* Main.storyboard in Resources */ = {isa = PBXBuildFile; fileRef = 99B0867526A767FE002503F3 /* Main.storyboard */; };
		99B0867A26A767FE002503F3 /* Final_Project.xcdatamodeld in Sources */ = {isa = PBXBuildFile; fileRef = 99B0867826A767FE002503F3 /* Final_Project.xcdatamodeld */; };
		99B0867C26A767FF002503F3 /* Assets.xcassets in Resources */ = {isa = PBXBuildFile; fileRef = 99B0867B26A767FF002503F3 /* Assets.xcassets */; };
		99B0867F26A767FF002503F3 /* LaunchScreen.storyboard in Resources */ = {isa = PBXBuildFile; fileRef = 99B0867D26A767FF002503F3 /* LaunchScreen.storyboard */; };
		99B0868A26A767FF002503F3 /* Final_ProjectTests.swift in Sources */ = {isa = PBXBuildFile; fileRef = 99B0868926A767FF002503F3 /* Final_ProjectTests.swift */; };
		99B0869526A767FF002503F3 /* Final_ProjectUITests.swift in Sources */ = {isa = PBXBuildFile; fileRef = 99B0869426A767FF002503F3 /* Final_ProjectUITests.swift */; };
		99C39EA826A896BB0048CF5F /* LearnAboutViewController.swift in Sources */ = {isa = PBXBuildFile; fileRef = 99C39EA726A896BB0048CF5F /* LearnAboutViewController.swift */; };
		99C39EAD26A896CB0048CF5F /* NeedHelpViewController.swift in Sources */ = {isa = PBXBuildFile; fileRef = 99C39EAC26A896CB0048CF5F /* NeedHelpViewController.swift */; };
		99C39EB226A896D70048CF5F /* CanHelpViewController.swift in Sources */ = {isa = PBXBuildFile; fileRef = 99C39EB126A896D70048CF5F /* CanHelpViewController.swift */; };
		F759D03426A9F5FD00DC8BDF /* Screen Shot 2021-07-22 at 12.50.24 PM.png in Resources */ = {isa = PBXBuildFile; fileRef = F759D03326A9F5FC00DC8BDF /* Screen Shot 2021-07-22 at 12.50.24 PM.png */; };
/* End PBXBuildFile section */

/* Begin PBXContainerItemProxy section */
		99B0868626A767FF002503F3 /* PBXContainerItemProxy */ = {
			isa = PBXContainerItemProxy;
			containerPortal = 99B0866426A767FE002503F3 /* Project object */;
			proxyType = 1;
			remoteGlobalIDString = 99B0866B26A767FE002503F3;
			remoteInfo = Final_Project;
		};
		99B0869126A767FF002503F3 /* PBXContainerItemProxy */ = {
			isa = PBXContainerItemProxy;
			containerPortal = 99B0866426A767FE002503F3 /* Project object */;
			proxyType = 1;
			remoteGlobalIDString = 99B0866B26A767FE002503F3;
			remoteInfo = Final_Project;
		};
/* End PBXContainerItemProxy section */

/* Begin PBXFileReference section */
		99B0866C26A767FE002503F3 /* Final_Project.app */ = {isa = PBXFileReference; explicitFileType = wrapper.application; includeInIndex = 0; path = Final_Project.app; sourceTree = BUILT_PRODUCTS_DIR; };
		99B0866F26A767FE002503F3 /* AppDelegate.swift */ = {isa = PBXFileReference; lastKnownFileType = sourcecode.swift; path = AppDelegate.swift; sourceTree = "<group>"; };
		99B0867126A767FE002503F3 /* SceneDelegate.swift */ = {isa = PBXFileReference; lastKnownFileType = sourcecode.swift; path = SceneDelegate.swift; sourceTree = "<group>"; };
		99B0867326A767FE002503F3 /* ViewController.swift */ = {isa = PBXFileReference; lastKnownFileType = sourcecode.swift; path = ViewController.swift; sourceTree = "<group>"; };
		99B0867626A767FE002503F3 /* Base */ = {isa = PBXFileReference; lastKnownFileType = file.storyboard; name = Base; path = Base.lproj/Main.storyboard; sourceTree = "<group>"; };
		99B0867926A767FE002503F3 /* Final_Project.xcdatamodel */ = {isa = PBXFileReference; lastKnownFileType = wrapper.xcdatamodel; path = Final_Project.xcdatamodel; sourceTree = "<group>"; };
		99B0867B26A767FF002503F3 /* Assets.xcassets */ = {isa = PBXFileReference; lastKnownFileType = folder.assetcatalog; path = Assets.xcassets; sourceTree = "<group>"; };
		99B0867E26A767FF002503F3 /* Base */ = {isa = PBXFileReference; lastKnownFileType = file.storyboard; name = Base; path = Base.lproj/LaunchScreen.storyboard; sourceTree = "<group>"; };
		99B0868026A767FF002503F3 /* Info.plist */ = {isa = PBXFileReference; lastKnownFileType = text.plist.xml; path = Info.plist; sourceTree = "<group>"; };
		99B0868526A767FF002503F3 /* Final_ProjectTests.xctest */ = {isa = PBXFileReference; explicitFileType = wrapper.cfbundle; includeInIndex = 0; path = Final_ProjectTests.xctest; sourceTree = BUILT_PRODUCTS_DIR; };
		99B0868926A767FF002503F3 /* Final_ProjectTests.swift */ = {isa = PBXFileReference; lastKnownFileType = sourcecode.swift; path = Final_ProjectTests.swift; sourceTree = "<group>"; };
		99B0868B26A767FF002503F3 /* Info.plist */ = {isa = PBXFileReference; lastKnownFileType = text.plist.xml; path = Info.plist; sourceTree = "<group>"; };
		99B0869026A767FF002503F3 /* Final_ProjectUITests.xctest */ = {isa = PBXFileReference; explicitFileType = wrapper.cfbundle; includeInIndex = 0; path = Final_ProjectUITests.xctest; sourceTree = BUILT_PRODUCTS_DIR; };
		99B0869426A767FF002503F3 /* Final_ProjectUITests.swift */ = {isa = PBXFileReference; lastKnownFileType = sourcecode.swift; path = Final_ProjectUITests.swift; sourceTree = "<group>"; };
		99B0869626A767FF002503F3 /* Info.plist */ = {isa = PBXFileReference; lastKnownFileType = text.plist.xml; path = Info.plist; sourceTree = "<group>"; };
		99C39EA726A896BB0048CF5F /* LearnAboutViewController.swift */ = {isa = PBXFileReference; lastKnownFileType = sourcecode.swift; path = LearnAboutViewController.swift; sourceTree = "<group>"; };
		99C39EAC26A896CB0048CF5F /* NeedHelpViewController.swift */ = {isa = PBXFileReference; lastKnownFileType = sourcecode.swift; path = NeedHelpViewController.swift; sourceTree = "<group>"; };
		99C39EB126A896D70048CF5F /* CanHelpViewController.swift */ = {isa = PBXFileReference; lastKnownFileType = sourcecode.swift; path = CanHelpViewController.swift; sourceTree = "<group>"; };
		F759D03326A9F5FC00DC8BDF /* Screen Shot 2021-07-22 at 12.50.24 PM.png */ = {isa = PBXFileReference; lastKnownFileType = image.png; path = "Screen Shot 2021-07-22 at 12.50.24 PM.png"; sourceTree = "<group>"; };
/* End PBXFileReference section */

/* Begin PBXFrameworksBuildPhase section */
		99B0866926A767FE002503F3 /* Frameworks */ = {
			isa = PBXFrameworksBuildPhase;
			buildActionMask = 2147483647;
			files = (
			);
			runOnlyForDeploymentPostprocessing = 0;
		};
		99B0868226A767FF002503F3 /* Frameworks */ = {
			isa = PBXFrameworksBuildPhase;
			buildActionMask = 2147483647;
			files = (
			);
			runOnlyForDeploymentPostprocessing = 0;
		};
		99B0868D26A767FF002503F3 /* Frameworks */ = {
			isa = PBXFrameworksBuildPhase;
			buildActionMask = 2147483647;
			files = (
			);
			runOnlyForDeploymentPostprocessing = 0;
		};
/* End PBXFrameworksBuildPhase section */

/* Begin PBXGroup section */
		99B0866326A767FE002503F3 = {
			isa = PBXGroup;
			children = (
				99B0866E26A767FE002503F3 /* Final_Project */,
				99B0868826A767FF002503F3 /* Final_ProjectTests */,
				99B0869326A767FF002503F3 /* Final_ProjectUITests */,
				99B0866D26A767FE002503F3 /* Products */,
			);
			sourceTree = "<group>";
		};
		99B0866D26A767FE002503F3 /* Products */ = {
			isa = PBXGroup;
			children = (
				99B0866C26A767FE002503F3 /* Final_Project.app */,
				99B0868526A767FF002503F3 /* Final_ProjectTests.xctest */,
				99B0869026A767FF002503F3 /* Final_ProjectUITests.xctest */,
			);
			name = Products;
			sourceTree = "<group>";
		};
		99B0866E26A767FE002503F3 /* Final_Project */ = {
			isa = PBXGroup;
			children = (
				99B0866F26A767FE002503F3 /* AppDelegate.swift */,
				99B0867126A767FE002503F3 /* SceneDelegate.swift */,
				99B0867326A767FE002503F3 /* ViewController.swift */,
				99B0867526A767FE002503F3 /* Main.storyboard */,
				F759D03326A9F5FC00DC8BDF /* Screen Shot 2021-07-22 at 12.50.24 PM.png */,
				99C39EAC26A896CB0048CF5F /* NeedHelpViewController.swift */,
				99C39EB126A896D70048CF5F /* CanHelpViewController.swift */,
				99C39EA726A896BB0048CF5F /* LearnAboutViewController.swift */,
				99B0867B26A767FF002503F3 /* Assets.xcassets */,
				99B0867D26A767FF002503F3 /* LaunchScreen.storyboard */,
				99B0868026A767FF002503F3 /* Info.plist */,
				99B0867826A767FE002503F3 /* Final_Project.xcdatamodeld */,
			);
			path = Final_Project;
			sourceTree = "<group>";
		};
		99B0868826A767FF002503F3 /* Final_ProjectTests */ = {
			isa = PBXGroup;
			children = (
				99B0868926A767FF002503F3 /* Final_ProjectTests.swift */,
				99B0868B26A767FF002503F3 /* Info.plist */,
			);
			path = Final_ProjectTests;
			sourceTree = "<group>";
		};
		99B0869326A767FF002503F3 /* Final_ProjectUITests */ = {
			isa = PBXGroup;
			children = (
				99B0869426A767FF002503F3 /* Final_ProjectUITests.swift */,
				99B0869626A767FF002503F3 /* Info.plist */,
			);
			path = Final_ProjectUITests;
			sourceTree = "<group>";
		};
/* End PBXGroup section */

/* Begin PBXNativeTarget section */
		99B0866B26A767FE002503F3 /* Final_Project */ = {
			isa = PBXNativeTarget;
			buildConfigurationList = 99B0869926A767FF002503F3 /* Build configuration list for PBXNativeTarget "Final_Project" */;
			buildPhases = (
				99B0866826A767FE002503F3 /* Sources */,
				99B0866926A767FE002503F3 /* Frameworks */,
				99B0866A26A767FE002503F3 /* Resources */,
			);
			buildRules = (
			);
			dependencies = (
			);
			name = Final_Project;
			productName = Final_Project;
			productReference = 99B0866C26A767FE002503F3 /* Final_Project.app */;
			productType = "com.apple.product-type.application";
		};
		99B0868426A767FF002503F3 /* Final_ProjectTests */ = {
			isa = PBXNativeTarget;
			buildConfigurationList = 99B0869C26A767FF002503F3 /* Build configuration list for PBXNativeTarget "Final_ProjectTests" */;
			buildPhases = (
				99B0868126A767FF002503F3 /* Sources */,
				99B0868226A767FF002503F3 /* Frameworks */,
				99B0868326A767FF002503F3 /* Resources */,
			);
			buildRules = (
			);
			dependencies = (
				99B0868726A767FF002503F3 /* PBXTargetDependency */,
			);
			name = Final_ProjectTests;
			productName = Final_ProjectTests;
			productReference = 99B0868526A767FF002503F3 /* Final_ProjectTests.xctest */;
			productType = "com.apple.product-type.bundle.unit-test";
		};
		99B0868F26A767FF002503F3 /* Final_ProjectUITests */ = {
			isa = PBXNativeTarget;
			buildConfigurationList = 99B0869F26A767FF002503F3 /* Build configuration list for PBXNativeTarget "Final_ProjectUITests" */;
			buildPhases = (
				99B0868C26A767FF002503F3 /* Sources */,
				99B0868D26A767FF002503F3 /* Frameworks */,
				99B0868E26A767FF002503F3 /* Resources */,
			);
			buildRules = (
			);
			dependencies = (
				99B0869226A767FF002503F3 /* PBXTargetDependency */,
			);
			name = Final_ProjectUITests;
			productName = Final_ProjectUITests;
			productReference = 99B0869026A767FF002503F3 /* Final_ProjectUITests.xctest */;
			productType = "com.apple.product-type.bundle.ui-testing";
		};
/* End PBXNativeTarget section */

/* Begin PBXProject section */
		99B0866426A767FE002503F3 /* Project object */ = {
			isa = PBXProject;
			attributes = {
				LastSwiftUpdateCheck = 1240;
				LastUpgradeCheck = 1240;
				TargetAttributes = {
					99B0866B26A767FE002503F3 = {
						CreatedOnToolsVersion = 12.4;
					};
					99B0868426A767FF002503F3 = {
						CreatedOnToolsVersion = 12.4;
						TestTargetID = 99B0866B26A767FE002503F3;
					};
					99B0868F26A767FF002503F3 = {
						CreatedOnToolsVersion = 12.4;
						TestTargetID = 99B0866B26A767FE002503F3;
					};
				};
			};
			buildConfigurationList = 99B0866726A767FE002503F3 /* Build configuration list for PBXProject "Final_Project" */;
			compatibilityVersion = "Xcode 9.3";
			developmentRegion = en;
			hasScannedForEncodings = 0;
			knownRegions = (
				en,
				Base,
			);
			mainGroup = 99B0866326A767FE002503F3;
			productRefGroup = 99B0866D26A767FE002503F3 /* Products */;
			projectDirPath = "";
			projectRoot = "";
			targets = (
				99B0866B26A767FE002503F3 /* Final_Project */,
				99B0868426A767FF002503F3 /* Final_ProjectTests */,
				99B0868F26A767FF002503F3 /* Final_ProjectUITests */,
			);
		};
/* End PBXProject section */

/* Begin PBXResourcesBuildPhase section */
		99B0866A26A767FE002503F3 /* Resources */ = {
			isa = PBXResourcesBuildPhase;
			buildActionMask = 2147483647;
			files = (
				F759D03426A9F5FD00DC8BDF /* Screen Shot 2021-07-22 at 12.50.24 PM.png in Resources */,
				99B0867F26A767FF002503F3 /* LaunchScreen.storyboard in Resources */,
				99B0867C26A767FF002503F3 /* Assets.xcassets in Resources */,
				99B0867726A767FE002503F3 /* Main.storyboard in Resources */,
			);
			runOnlyForDeploymentPostprocessing = 0;
		};
		99B0868326A767FF002503F3 /* Resources */ = {
			isa = PBXResourcesBuildPhase;
			buildActionMask = 2147483647;
			files = (
			);
			runOnlyForDeploymentPostprocessing = 0;
		};
		99B0868E26A767FF002503F3 /* Resources */ = {
			isa = PBXResourcesBuildPhase;
			buildActionMask = 2147483647;
			files = (
			);
			runOnlyForDeploymentPostprocessing = 0;
		};
/* End PBXResourcesBuildPhase section */

/* Begin PBXSourcesBuildPhase section */
		99B0866826A767FE002503F3 /* Sources */ = {
			isa = PBXSourcesBuildPhase;
			buildActionMask = 2147483647;
			files = (
				99C39EA826A896BB0048CF5F /* LearnAboutViewController.swift in Sources */,
				99B0867426A767FE002503F3 /* ViewController.swift in Sources */,
				99B0867026A767FE002503F3 /* AppDelegate.swift in Sources */,
				99B0867A26A767FE002503F3 /* Final_Project.xcdatamodeld in Sources */,
				99B0867226A767FE002503F3 /* SceneDelegate.swift in Sources */,
				99C39EB226A896D70048CF5F /* CanHelpViewController.swift in Sources */,
				99C39EAD26A896CB0048CF5F /* NeedHelpViewController.swift in Sources */,
			);
			runOnlyForDeploymentPostprocessing = 0;
		};
		99B0868126A767FF002503F3 /* Sources */ = {
			isa = PBXSourcesBuildPhase;
			buildActionMask = 2147483647;
			files = (
				99B0868A26A767FF002503F3 /* Final_ProjectTests.swift in Sources */,
			);
			runOnlyForDeploymentPostprocessing = 0;
		};
		99B0868C26A767FF002503F3 /* Sources */ = {
			isa = PBXSourcesBuildPhase;
			buildActionMask = 2147483647;
			files = (
				99B0869526A767FF002503F3 /* Final_ProjectUITests.swift in Sources */,
			);
			runOnlyForDeploymentPostprocessing = 0;
		};
/* End PBXSourcesBuildPhase section */

/* Begin PBXTargetDependency section */
		99B0868726A767FF002503F3 /* PBXTargetDependency */ = {
			isa = PBXTargetDependency;
			target = 99B0866B26A767FE002503F3 /* Final_Project */;
			targetProxy = 99B0868626A767FF002503F3 /* PBXContainerItemProxy */;
		};
		99B0869226A767FF002503F3 /* PBXTargetDependency */ = {
			isa = PBXTargetDependency;
			target = 99B0866B26A767FE002503F3 /* Final_Project */;
			targetProxy = 99B0869126A767FF002503F3 /* PBXContainerItemProxy */;
		};
/* End PBXTargetDependency section */

/* Begin PBXVariantGroup section */
		99B0867526A767FE002503F3 /* Main.storyboard */ = {
			isa = PBXVariantGroup;
			children = (
				99B0867626A767FE002503F3 /* Base */,
			);
			name = Main.storyboard;
			sourceTree = "<group>";
		};
		99B0867D26A767FF002503F3 /* LaunchScreen.storyboard */ = {
			isa = PBXVariantGroup;
			children = (
				99B0867E26A767FF002503F3 /* Base */,
			);
			name = LaunchScreen.storyboard;
			sourceTree = "<group>";
		};
/* End PBXVariantGroup section */

/* Begin XCBuildConfiguration section */
		99B0869726A767FF002503F3 /* Debug */ = {
			isa = XCBuildConfiguration;
			buildSettings = {
				ALWAYS_SEARCH_USER_PATHS = NO;
				CLANG_ANALYZER_NONNULL = YES;
				CLANG_ANALYZER_NUMBER_OBJECT_CONVERSION = YES_AGGRESSIVE;
				CLANG_CXX_LANGUAGE_STANDARD = "gnu++14";
				CLANG_CXX_LIBRARY = "libc++";
				CLANG_ENABLE_MODULES = YES;
				CLANG_ENABLE_OBJC_ARC = YES;
				CLANG_ENABLE_OBJC_WEAK = YES;
				CLANG_WARN_BLOCK_CAPTURE_AUTORELEASING = YES;
				CLANG_WARN_BOOL_CONVERSION = YES;
				CLANG_WARN_COMMA = YES;
				CLANG_WARN_CONSTANT_CONVERSION = YES;
				CLANG_WARN_DEPRECATED_OBJC_IMPLEMENTATIONS = YES;
				CLANG_WARN_DIRECT_OBJC_ISA_USAGE = YES_ERROR;
				CLANG_WARN_DOCUMENTATION_COMMENTS = YES;
				CLANG_WARN_EMPTY_BODY = YES;
				CLANG_WARN_ENUM_CONVERSION = YES;
				CLANG_WARN_INFINITE_RECURSION = YES;
				CLANG_WARN_INT_CONVERSION = YES;
				CLANG_WARN_NON_LITERAL_NULL_CONVERSION = YES;
				CLANG_WARN_OBJC_IMPLICIT_RETAIN_SELF = YES;
				CLANG_WARN_OBJC_LITERAL_CONVERSION = YES;
				CLANG_WARN_OBJC_ROOT_CLASS = YES_ERROR;
				CLANG_WARN_QUOTED_INCLUDE_IN_FRAMEWORK_HEADER = YES;
				CLANG_WARN_RANGE_LOOP_ANALYSIS = YES;
				CLANG_WARN_STRICT_PROTOTYPES = YES;
				CLANG_WARN_SUSPICIOUS_MOVE = YES;
				CLANG_WARN_UNGUARDED_AVAILABILITY = YES_AGGRESSIVE;
				CLANG_WARN_UNREACHABLE_CODE = YES;
				CLANG_WARN__DUPLICATE_METHOD_MATCH = YES;
				COPY_PHASE_STRIP = NO;
				DEBUG_INFORMATION_FORMAT = dwarf;
				ENABLE_STRICT_OBJC_MSGSEND = YES;
				ENABLE_TESTABILITY = YES;
				GCC_C_LANGUAGE_STANDARD = gnu11;
				GCC_DYNAMIC_NO_PIC = NO;
				GCC_NO_COMMON_BLOCKS = YES;
				GCC_OPTIMIZATION_LEVEL = 0;
				GCC_PREPROCESSOR_DEFINITIONS = (
					"DEBUG=1",
					"$(inherited)",
				);
				GCC_WARN_64_TO_32_BIT_CONVERSION = YES;
				GCC_WARN_ABOUT_RETURN_TYPE = YES_ERROR;
				GCC_WARN_UNDECLARED_SELECTOR = YES;
				GCC_WARN_UNINITIALIZED_AUTOS = YES_AGGRESSIVE;
				GCC_WARN_UNUSED_FUNCTION = YES;
				GCC_WARN_UNUSED_VARIABLE = YES;
				IPHONEOS_DEPLOYMENT_TARGET = 14.4;
				MTL_ENABLE_DEBUG_INFO = INCLUDE_SOURCE;
				MTL_FAST_MATH = YES;
				ONLY_ACTIVE_ARCH = YES;
				SDKROOT = iphoneos;
				SWIFT_ACTIVE_COMPILATION_CONDITIONS = DEBUG;
				SWIFT_OPTIMIZATION_LEVEL = "-Onone";
			};
			name = Debug;
		};
		99B0869826A767FF002503F3 /* Release */ = {
			isa = XCBuildConfiguration;
			buildSettings = {
				ALWAYS_SEARCH_USER_PATHS = NO;
				CLANG_ANALYZER_NONNULL = YES;
				CLANG_ANALYZER_NUMBER_OBJECT_CONVERSION = YES_AGGRESSIVE;
				CLANG_CXX_LANGUAGE_STANDARD = "gnu++14";
				CLANG_CXX_LIBRARY = "libc++";
				CLANG_ENABLE_MODULES = YES;
				CLANG_ENABLE_OBJC_ARC = YES;
				CLANG_ENABLE_OBJC_WEAK = YES;
				CLANG_WARN_BLOCK_CAPTURE_AUTORELEASING = YES;
				CLANG_WARN_BOOL_CONVERSION = YES;
				CLANG_WARN_COMMA = YES;
				CLANG_WARN_CONSTANT_CONVERSION = YES;
				CLANG_WARN_DEPRECATED_OBJC_IMPLEMENTATIONS = YES;
				CLANG_WARN_DIRECT_OBJC_ISA_USAGE = YES_ERROR;
				CLANG_WARN_DOCUMENTATION_COMMENTS = YES;
				CLANG_WARN_EMPTY_BODY = YES;
				CLANG_WARN_ENUM_CONVERSION = YES;
				CLANG_WARN_INFINITE_RECURSION = YES;
				CLANG_WARN_INT_CONVERSION = YES;
				CLANG_WARN_NON_LITERAL_NULL_CONVERSION = YES;
				CLANG_WARN_OBJC_IMPLICIT_RETAIN_SELF = YES;
				CLANG_WARN_OBJC_LITERAL_CONVERSION = YES;
				CLANG_WARN_OBJC_ROOT_CLASS = YES_ERROR;
				CLANG_WARN_QUOTED_INCLUDE_IN_FRAMEWORK_HEADER = YES;
				CLANG_WARN_RANGE_LOOP_ANALYSIS = YES;
				CLANG_WARN_STRICT_PROTOTYPES = YES;
				CLANG_WARN_SUSPICIOUS_MOVE = YES;
				CLANG_WARN_UNGUARDED_AVAILABILITY = YES_AGGRESSIVE;
				CLANG_WARN_UNREACHABLE_CODE = YES;
				CLANG_WARN__DUPLICATE_METHOD_MATCH = YES;
				COPY_PHASE_STRIP = NO;
				DEBUG_INFORMATION_FORMAT = "dwarf-with-dsym";
				ENABLE_NS_ASSERTIONS = NO;
				ENABLE_STRICT_OBJC_MSGSEND = YES;
				GCC_C_LANGUAGE_STANDARD = gnu11;
				GCC_NO_COMMON_BLOCKS = YES;
				GCC_WARN_64_TO_32_BIT_CONVERSION = YES;
				GCC_WARN_ABOUT_RETURN_TYPE = YES_ERROR;
				GCC_WARN_UNDECLARED_SELECTOR = YES;
				GCC_WARN_UNINITIALIZED_AUTOS = YES_AGGRESSIVE;
				GCC_WARN_UNUSED_FUNCTION = YES;
				GCC_WARN_UNUSED_VARIABLE = YES;
				IPHONEOS_DEPLOYMENT_TARGET = 14.4;
				MTL_ENABLE_DEBUG_INFO = NO;
				MTL_FAST_MATH = YES;
				SDKROOT = iphoneos;
				SWIFT_COMPILATION_MODE = wholemodule;
				SWIFT_OPTIMIZATION_LEVEL = "-O";
				VALIDATE_PRODUCT = YES;
			};
			name = Release;
		};
		99B0869A26A767FF002503F3 /* Debug */ = {
			isa = XCBuildConfiguration;
			buildSettings = {
				ASSETCATALOG_COMPILER_APPICON_NAME = AppIcon;
				ASSETCATALOG_COMPILER_GLOBAL_ACCENT_COLOR_NAME = AccentColor;
				CODE_SIGN_STYLE = Automatic;
				DEVELOPMENT_TEAM = 6ZJ28497TF;
				INFOPLIST_FILE = Final_Project/Info.plist;
				LD_RUNPATH_SEARCH_PATHS = (
					"$(inherited)",
					"@executable_path/Frameworks",
				);
				PRODUCT_BUNDLE_IDENTIFIER = "kwk-2021.Final-Project";
				PRODUCT_NAME = "$(TARGET_NAME)";
				SWIFT_VERSION = 5.0;
				TARGETED_DEVICE_FAMILY = "1,2";
			};
			name = Debug;
		};
		99B0869B26A767FF002503F3 /* Release */ = {
			isa = XCBuildConfiguration;
			buildSettings = {
				ASSETCATALOG_COMPILER_APPICON_NAME = AppIcon;
				ASSETCATALOG_COMPILER_GLOBAL_ACCENT_COLOR_NAME = AccentColor;
				CODE_SIGN_STYLE = Automatic;
				DEVELOPMENT_TEAM = 6ZJ28497TF;
				INFOPLIST_FILE = Final_Project/Info.plist;
				LD_RUNPATH_SEARCH_PATHS = (
					"$(inherited)",
					"@executable_path/Frameworks",
				);
				PRODUCT_BUNDLE_IDENTIFIER = "kwk-2021.Final-Project";
				PRODUCT_NAME = "$(TARGET_NAME)";
				SWIFT_VERSION = 5.0;
				TARGETED_DEVICE_FAMILY = "1,2";
			};
			name = Release;
		};
		99B0869D26A767FF002503F3 /* Debug */ = {
			isa = XCBuildConfiguration;
			buildSettings = {
				ALWAYS_EMBED_SWIFT_STANDARD_LIBRARIES = YES;
				BUNDLE_LOADER = "$(TEST_HOST)";
				CODE_SIGN_STYLE = Automatic;
				DEVELOPMENT_TEAM = 6ZJ28497TF;
				INFOPLIST_FILE = Final_ProjectTests/Info.plist;
				IPHONEOS_DEPLOYMENT_TARGET = 14.4;
				LD_RUNPATH_SEARCH_PATHS = (
					"$(inherited)",
					"@executable_path/Frameworks",
					"@loader_path/Frameworks",
				);
				PRODUCT_BUNDLE_IDENTIFIER = "kwk-2021.Final-ProjectTests";
				PRODUCT_NAME = "$(TARGET_NAME)";
				SWIFT_VERSION = 5.0;
				TARGETED_DEVICE_FAMILY = "1,2";
				TEST_HOST = "$(BUILT_PRODUCTS_DIR)/Final_Project.app/Final_Project";
			};
			name = Debug;
		};
		99B0869E26A767FF002503F3 /* Release */ = {
			isa = XCBuildConfiguration;
			buildSettings = {
				ALWAYS_EMBED_SWIFT_STANDARD_LIBRARIES = YES;
				BUNDLE_LOADER = "$(TEST_HOST)";
				CODE_SIGN_STYLE = Automatic;
				DEVELOPMENT_TEAM = 6ZJ28497TF;
				INFOPLIST_FILE = Final_ProjectTests/Info.plist;
				IPHONEOS_DEPLOYMENT_TARGET = 14.4;
				LD_RUNPATH_SEARCH_PATHS = (
					"$(inherited)",
					"@executable_path/Frameworks",
					"@loader_path/Frameworks",
				);
				PRODUCT_BUNDLE_IDENTIFIER = "kwk-2021.Final-ProjectTests";
				PRODUCT_NAME = "$(TARGET_NAME)";
				SWIFT_VERSION = 5.0;
				TARGETED_DEVICE_FAMILY = "1,2";
				TEST_HOST = "$(BUILT_PRODUCTS_DIR)/Final_Project.app/Final_Project";
			};
			name = Release;
		};
		99B086A026A767FF002503F3 /* Debug */ = {
			isa = XCBuildConfiguration;
			buildSettings = {
				ALWAYS_EMBED_SWIFT_STANDARD_LIBRARIES = YES;
				CODE_SIGN_STYLE = Automatic;
				DEVELOPMENT_TEAM = 6ZJ28497TF;
				INFOPLIST_FILE = Final_ProjectUITests/Info.plist;
				LD_RUNPATH_SEARCH_PATHS = (
					"$(inherited)",
					"@executable_path/Frameworks",
					"@loader_path/Frameworks",
				);
				PRODUCT_BUNDLE_IDENTIFIER = "kwk-2021.Final-ProjectUITests";
				PRODUCT_NAME = "$(TARGET_NAME)";
				SWIFT_VERSION = 5.0;
				TARGETED_DEVICE_FAMILY = "1,2";
				TEST_TARGET_NAME = Final_Project;
			};
			name = Debug;
		};
		99B086A126A767FF002503F3 /* Release */ = {
			isa = XCBuildConfiguration;
			buildSettings = {
				ALWAYS_EMBED_SWIFT_STANDARD_LIBRARIES = YES;
				CODE_SIGN_STYLE = Automatic;
				DEVELOPMENT_TEAM = 6ZJ28497TF;
				INFOPLIST_FILE = Final_ProjectUITests/Info.plist;
				LD_RUNPATH_SEARCH_PATHS = (
					"$(inherited)",
					"@executable_path/Frameworks",
					"@loader_path/Frameworks",
				);
				PRODUCT_BUNDLE_IDENTIFIER = "kwk-2021.Final-ProjectUITests";
				PRODUCT_NAME = "$(TARGET_NAME)";
				SWIFT_VERSION = 5.0;
				TARGETED_DEVICE_FAMILY = "1,2";
				TEST_TARGET_NAME = Final_Project;
			};
			name = Release;
		};
/* End XCBuildConfiguration section */

/* Begin XCConfigurationList section */
		99B0866726A767FE002503F3 /* Build configuration list for PBXProject "Final_Project" */ = {
			isa = XCConfigurationList;
			buildConfigurations = (
				99B0869726A767FF002503F3 /* Debug */,
				99B0869826A767FF002503F3 /* Release */,
			);
			defaultConfigurationIsVisible = 0;
			defaultConfigurationName = Release;
		};
		99B0869926A767FF002503F3 /* Build configuration list for PBXNativeTarget "Final_Project" */ = {
			isa = XCConfigurationList;
			buildConfigurations = (
				99B0869A26A767FF002503F3 /* Debug */,
				99B0869B26A767FF002503F3 /* Release */,
			);
			defaultConfigurationIsVisible = 0;
			defaultConfigurationName = Release;
		};
		99B0869C26A767FF002503F3 /* Build configuration list for PBXNativeTarget "Final_ProjectTests" */ = {
			isa = XCConfigurationList;
			buildConfigurations = (
				99B0869D26A767FF002503F3 /* Debug */,
				99B0869E26A767FF002503F3 /* Release */,
			);
			defaultConfigurationIsVisible = 0;
			defaultConfigurationName = Release;
		};
		99B0869F26A767FF002503F3 /* Build configuration list for PBXNativeTarget "Final_ProjectUITests" */ = {
			isa = XCConfigurationList;
			buildConfigurations = (
				99B086A026A767FF002503F3 /* Debug */,
				99B086A126A767FF002503F3 /* Release */,
			);
			defaultConfigurationIsVisible = 0;
			defaultConfigurationName = Release;
		};
/* End XCConfigurationList section */

/* Begin XCVersionGroup section */
		99B0867826A767FE002503F3 /* Final_Project.xcdatamodeld */ = {
			isa = XCVersionGroup;
			children = (
				99B0867926A767FE002503F3 /* Final_Project.xcdatamodel */,
			);
			currentVersion = 99B0867926A767FE002503F3 /* Final_Project.xcdatamodel */;
			path = Final_Project.xcdatamodeld;
			sourceTree = "<group>";
			versionGroupType = wrapper.xcdatamodel;
		};
/* End XCVersionGroup section */
	};
	rootObject = 99B0866426A767FE002503F3 /* Project object */;
}
